
Microsoft Visual Studio Solution File, Format Version 12.00
# Visual Studio 15
VisualStudioVersion = 15.0.27130.2036
MinimumVisualStudioVersion = 10.0.40219.1
Project("{FAE04EC0-301F-11D3-BF4B-00C04F79EFBC}") = "RplProgramDocument List", "RplProgramDocument List\RplProgramDocument List.csproj", "{18C45DEF-A9E6-4193-9859-0C80ED71A0CC}"
EndProject
Global
	GlobalSection(SolutionConfigurationPlatforms) = preSolution
		Debug|Any CPU = Debug|Any CPU
		Release|Any CPU = Release|Any CPU
	EndGlobalSection
	GlobalSection(ProjectConfigurationPlatforms) = postSolution
		{18C45DEF-A9E6-4193-9859-0C80ED71A0CC}.Debug|Any CPU.ActiveCfg = Debug|Any CPU
		{18C45DEF-A9E6-4193-9859-0C80ED71A0CC}.Debug|Any CPU.Build.0 = Debug|Any CPU
		{18C45DEF-A9E6-4193-9859-0C80ED71A0CC}.Release|Any CPU.ActiveCfg = Release|Any CPU
		{18C45DEF-A9E6-4193-9859-0C80ED71A0CC}.Release|Any CPU.Build.0 = Release|Any CPU
	EndGlobalSection
	GlobalSection(SolutionProperties) = preSolution
		HideSolutionNode = FALSE
	EndGlobalSection
	GlobalSection(ExtensibilityGlobals) = postSolution
		SolutionGuid = {B7A25C2F-0CA5-4861-88F6-1BA532F37EDE}
	EndGlobalSection
EndGlobal
